
Microsoft Visual Studio Solution File, Format Version 12.00
# Visual Studio 15
VisualStudioVersion = 15.0.27703.2035
MinimumVisualStudioVersion = 10.0.40219.1
Project("{8BC9CEB8-8B4A-11D0-8D11-00A0C91BC942}") = "corner_maker", "corner_maker\corner_maker.vcxproj", "{E23F76F3-C52A-4B3D-8FA1-CE44FE209DEB}"
EndProject
Global
	GlobalSection(SolutionConfigurationPlatforms) = preSolution
		Debug|x64 = Debug|x64
		Debug|x86 = Debug|x86
		Release|x64 = Release|x64
		Release|x86 = Release|x86
	EndGlobalSection
	GlobalSection(ProjectConfigurationPlatforms) = postSolution
		{E23F76F3-C52A-4B3D-8FA1-CE44FE209DEB}.Debug|x64.ActiveCfg = Debug|x64
		{E23F76F3-C52A-4B3D-8FA1-CE44FE209DEB}.Debug|x64.Build.0 = Debug|x64
		{E23F76F3-C52A-4B3D-8FA1-CE44FE209DEB}.Debug|x86.ActiveCfg = Debug|Win32
		{E23F76F3-C52A-4B3D-8FA1-CE44FE209DEB}.Debug|x86.Build.0 = Debug|Win32
		{E23F76F3-C52A-4B3D-8FA1-CE44FE209DEB}.Release|x64.ActiveCfg = Release|x64
		{E23F76F3-C52A-4B3D-8FA1-CE44FE209DEB}.Release|x64.Build.0 = Release|x64
		{E23F76F3-C52A-4B3D-8FA1-CE44FE209DEB}.Release|x86.ActiveCfg = Release|Win32
		{E23F76F3-C52A-4B3D-8FA1-CE44FE209DEB}.Release|x86.Build.0 = Release|Win32
	EndGlobalSection
	GlobalSection(SolutionProperties) = preSolution
		HideSolutionNode = FALSE
	EndGlobalSection
	GlobalSection(ExtensibilityGlobals) = postSolution
		SolutionGuid = {B921F588-4145-40CC-9DE9-1A80CAC37904}
	EndGlobalSection
EndGlobal
